
Microsoft Visual Studio Solution File, Format Version 12.00
# Visual Studio Version 17
VisualStudioVersion = 17.1.32421.90
MinimumVisualStudioVersion = 10.0.40219.1
Project("{9A19103F-16F7-4668-BE54-9A1E7A4F7556}") = "AddressBook_DB", "AddressBook_DB\AddressBook_DB.csproj", "{2DBD9451-5259-4CB7-9B7A-6336B09A08DB}"
EndProject
Project("{9A19103F-16F7-4668-BE54-9A1E7A4F7556}") = "TestProject1", "TestProject1\TestProject1.csproj", "{3D9A6043-EE31-423B-8283-CE3A58F562D1}"
EndProject
Project("{FAE04EC0-301F-11D3-BF4B-00C04F79EFBC}") = "RestSharp", "RestSharp\RestSharp.csproj", "{285BBFAC-B790-4152-B37B-2E38539E8D06}"
EndProject
Global
	GlobalSection(SolutionConfigurationPlatforms) = preSolution
		Debug|Any CPU = Debug|Any CPU
		Release|Any CPU = Release|Any CPU
	EndGlobalSection
	GlobalSection(ProjectConfigurationPlatforms) = postSolution
		{2DBD9451-5259-4CB7-9B7A-6336B09A08DB}.Debug|Any CPU.ActiveCfg = Debug|Any CPU
		{2DBD9451-5259-4CB7-9B7A-6336B09A08DB}.Debug|Any CPU.Build.0 = Debug|Any CPU
		{2DBD9451-5259-4CB7-9B7A-6336B09A08DB}.Release|Any CPU.ActiveCfg = Release|Any CPU
		{2DBD9451-5259-4CB7-9B7A-6336B09A08DB}.Release|Any CPU.Build.0 = Release|Any CPU
		{3D9A6043-EE31-423B-8283-CE3A58F562D1}.Debug|Any CPU.ActiveCfg = Debug|Any CPU
		{3D9A6043-EE31-423B-8283-CE3A58F562D1}.Debug|Any CPU.Build.0 = Debug|Any CPU
		{3D9A6043-EE31-423B-8283-CE3A58F562D1}.Release|Any CPU.ActiveCfg = Release|Any CPU
		{3D9A6043-EE31-423B-8283-CE3A58F562D1}.Release|Any CPU.Build.0 = Release|Any CPU
		{285BBFAC-B790-4152-B37B-2E38539E8D06}.Debug|Any CPU.ActiveCfg = Debug|Any CPU
		{285BBFAC-B790-4152-B37B-2E38539E8D06}.Debug|Any CPU.Build.0 = Debug|Any CPU
		{285BBFAC-B790-4152-B37B-2E38539E8D06}.Release|Any CPU.ActiveCfg = Release|Any CPU
		{285BBFAC-B790-4152-B37B-2E38539E8D06}.Release|Any CPU.Build.0 = Release|Any CPU
	EndGlobalSection
	GlobalSection(SolutionProperties) = preSolution
		HideSolutionNode = FALSE
	EndGlobalSection
	GlobalSection(ExtensibilityGlobals) = postSolution
		SolutionGuid = {3C4DC17F-F44D-4E63-98A6-71B55877C230}
	EndGlobalSection
EndGlobal
